<?xml version="1.0" encoding="UTF-8"?>
<CONFIG>
  <ProjectOptions>
    <Version Value="10"/>
    <PathDelim Value="\"/>
    <General>
      <SessionStorage Value="InProjectDir"/>
      <MainUnit Value="0"/>
      <Title Value="Clasificador"/>
      <ResourceType Value="res"/>
      <UseXPManifest Value="True"/>
      <Icon Value="0"/>
    </General>
    <i18n>
      <EnableI18N LFM="False"/>
    </i18n>
    <VersionInfo>
      <UseVersionInfo Value="True"/>
      <AutoIncrementBuild Value="True"/>
      <MinorVersionNr Value="1"/>
      <BuildNr Value="14"/>
      <Language Value="040A"/>
      <StringTable CompanyName="RACSS Programación de Carlos Enrique Rodriguez" LegalCopyright="Carlos Enrique Rodriguez" LegalTrademarks="RACSS Programación de Carlos Enrique Rodriguez" ProductVersion=""/>
    </VersionInfo>
    <BuildModes Count="1">
      <Item1 Name="Default" Default="True"/>
    </BuildModes>
    <PublishOptions>
      <Version Value="2"/>
    </PublishOptions>
    <RunParams>
      <local>
        <FormatVersion Value="1"/>
      </local>
    </RunParams>
    <RequiredPackages Count="7">
      <Item1>
        <PackageName Value="DateTimeCtrls"/>
      </Item1>
      <Item2>
        <PackageName Value="frce"/>
      </Item2>
      <Item3>
        <PackageName Value="FCL"/>
      </Item3>
      <Item4>
        <PackageName Value="zcomponent"/>
      </Item4>
      <Item5>
        <PackageName Value="lazreport"/>
      </Item5>
      <Item6>
        <PackageName Value="rxnew"/>
      </Item6>
      <Item7>
        <PackageName Value="LCL"/>
      </Item7>
    </RequiredPackages>
    <Units Count="22">
      <Unit0>
        <Filename Value="clasificador.pas"/>
        <IsPartOfProject Value="True"/>
      </Unit0>
      <Unit1>
        <Filename Value="frm_main.pas"/>
        <IsPartOfProject Value="True"/>
        <ComponentName Value="frmMain"/>
        <HasResources Value="True"/>
        <ResourceBaseClass Value="Form"/>
      </Unit1>
      <Unit2>
        <Filename Value="dmgeneral.pas"/>
        <IsPartOfProject Value="True"/>
        <ComponentName Value="DM_General"/>
        <HasResources Value="True"/>
        <ResourceBaseClass Value="DataModule"/>
      </Unit2>
      <Unit3>
        <Filename Value="SD_Configuracion.pas"/>
        <IsPartOfProject Value="True"/>
      </Unit3>
      <Unit4>
        <Filename Value="versioninfo.pas"/>
        <IsPartOfProject Value="True"/>
      </Unit4>
      <Unit5>
        <Filename Value="frm_about.pas"/>
        <IsPartOfProject Value="True"/>
        <HasResources Value="True"/>
      </Unit5>
      <Unit6>
        <Filename Value="frm_personaae.pas"/>
        <IsPartOfProject Value="True"/>
        <ComponentName Value="frmPersonaAE"/>
        <HasResources Value="True"/>
        <ResourceBaseClass Value="Form"/>
      </Unit6>
      <Unit7>
        <Filename Value="dmpersonas.pas"/>
        <IsPartOfProject Value="True"/>
        <ComponentName Value="DM_Personas"/>
        <HasResources Value="True"/>
        <ResourceBaseClass Value="DataModule"/>
        <UnitName Value="dmPersonas"/>
      </Unit7>
      <Unit8>
        <Filename Value="frm_busquedapersonas.pas"/>
        <IsPartOfProject Value="True"/>
        <ComponentName Value="frmBusquedaPersonas"/>
        <HasResources Value="True"/>
        <ResourceBaseClass Value="Form"/>
      </Unit8>
      <Unit9>
        <Filename Value="dmcarreras.pas"/>
        <IsPartOfProject Value="True"/>
        <ComponentName Value="DM_Carreras"/>
        <HasResources Value="True"/>
        <ResourceBaseClass Value="DataModule"/>
      </Unit9>
      <Unit10>
        <Filename Value="frm_carrerasae.pas"/>
        <IsPartOfProject Value="True"/>
        <ComponentName Value="frmCarreraAE"/>
        <HasResources Value="True"/>
        <ResourceBaseClass Value="Form"/>
      </Unit10>
      <Unit11>
        <Filename Value="frm_busquedacarreras.pas"/>
        <IsPartOfProject Value="True"/>
        <ComponentName Value="frmBusquedaCarreras"/>
        <HasResources Value="True"/>
        <ResourceBaseClass Value="Form"/>
      </Unit11>
      <Unit12>
        <Filename Value="frm_distanciasae.pas"/>
        <IsPartOfProject Value="True"/>
        <ComponentName Value="frmDistanciaAE"/>
        <HasResources Value="True"/>
        <ResourceBaseClass Value="Form"/>
      </Unit12>
      <Unit13>
        <Filename Value="frm_categoriascarreraae.pas"/>
        <IsPartOfProject Value="True"/>
        <ComponentName Value="frmCategoriasCarreraAE"/>
        <HasResources Value="True"/>
        <ResourceBaseClass Value="Form"/>
      </Unit13>
      <Unit14>
        <Filename Value="frm_categoriasae.pas"/>
        <IsPartOfProject Value="True"/>
        <ComponentName Value="frmCategoriasAE"/>
        <ResourceBaseClass Value="Form"/>
      </Unit14>
      <Unit15>
        <Filename Value="dmcorredores.pas"/>
        <IsPartOfProject Value="True"/>
        <ComponentName Value="DM_Corredores"/>
        <HasResources Value="True"/>
        <ResourceBaseClass Value="DataModule"/>
      </Unit15>
      <Unit16>
        <Filename Value="frm_corredoresae.pas"/>
        <IsPartOfProject Value="True"/>
        <ComponentName Value="frmCorredoresAE"/>
        <HasResources Value="True"/>
        <ResourceBaseClass Value="Form"/>
      </Unit16>
      <Unit17>
        <Filename Value="dmmain.pas"/>
        <IsPartOfProject Value="True"/>
        <ComponentName Value="DM_Main"/>
        <HasResources Value="True"/>
        <ResourceBaseClass Value="DataModule"/>
        <UnitName Value="dmMain"/>
      </Unit17>
      <Unit18>
        <Filename Value="frm_llegadas.pas"/>
        <IsPartOfProject Value="True"/>
        <ComponentName Value="frmLlegadas"/>
        <HasResources Value="True"/>
        <ResourceBaseClass Value="Form"/>
      </Unit18>
      <Unit19>
        <Filename Value="frm_listados.pas"/>
        <IsPartOfProject Value="True"/>
        <ComponentName Value="frmListados"/>
        <HasResources Value="True"/>
        <ResourceBaseClass Value="Form"/>
      </Unit19>
      <Unit20>
        <Filename Value="rpt_clasificaciones.pas"/>
        <IsPartOfProject Value="True"/>
        <ComponentName Value="rptClasificaciones"/>
        <HasResources Value="True"/>
        <ResourceBaseClass Value="Form"/>
      </Unit20>
      <Unit21>
        <Filename Value="dmlistados.pas"/>
        <IsPartOfProject Value="True"/>
        <ComponentName Value="DM_Listados"/>
        <HasResources Value="True"/>
        <ResourceBaseClass Value="DataModule"/>
      </Unit21>
    </Units>
  </ProjectOptions>
  <CompilerOptions>
    <Version Value="11"/>
    <PathDelim Value="\"/>
    <Target>
      <Filename Value="..\exe\clasificador"/>
    </Target>
    <SearchPaths>
      <IncludeFiles Value="$(ProjOutDir)"/>
      <UnitOutputDirectory Value="lib\$(TargetCPU)-$(TargetOS)"/>
    </SearchPaths>
    <Linking>
      <Options>
        <Win32>
          <GraphicApplication Value="True"/>
        </Win32>
      </Options>
    </Linking>
  </CompilerOptions>
  <Debugging>
    <Exceptions Count="3">
      <Item1>
        <Name Value="EAbort"/>
      </Item1>
      <Item2>
        <Name Value="ECodetoolError"/>
      </Item2>
      <Item3>
        <Name Value="EFOpenError"/>
      </Item3>
    </Exceptions>
  </Debugging>
</CONFIG>
